// !$*UTF8*$!
{
	archiveVersion = 1;
	classes = {
	};
	objectVersion = 46;
	objects = {

/* Begin PBXBuildFile section */
		F218FFA41B4F00C9000CB182 /* 0-funk.csv in Resources */ = {isa = PBXBuildFile; fileRef = F218FFA01B4F00C9000CB182 /* 0-funk.csv */; };
		F218FFA51B4F00C9000CB182 /* 1-funk.csv in Resources */ = {isa = PBXBuildFile; fileRef = F218FFA11B4F00C9000CB182 /* 1-funk.csv */; };
		F218FFA61B4F00C9000CB182 /* 2-funk.csv in Resources */ = {isa = PBXBuildFile; fileRef = F218FFA21B4F00C9000CB182 /* 2-funk.csv */; };
		F218FFA71B4F00C9000CB182 /* 3-funk.csv in Resources */ = {isa = PBXBuildFile; fileRef = F218FFA31B4F00C9000CB182 /* 3-funk.csv */; };
/* End PBXBuildFile section */

/* Begin PBXFileReference section */
		F218FF961B4F0082000CB182 /* funk */ = {isa = PBXFileReference; explicitFileType = folder; includeInIndex = 0; path = funk; sourceTree = BUILT_PRODUCTS_DIR; };
		F218FF9A1B4F0082000CB182 /* ContentInfo.plist */ = {isa = PBXFileReference; lastKnownFileType = text.plist.xml; path = ContentInfo.plist; sourceTree = "<group>"; };
		F218FFA01B4F00C9000CB182 /* 0-funk.csv */ = {isa = PBXFileReference; fileEncoding = 4; lastKnownFileType = text; name = "0-funk.csv"; path = "funk/0-funk.csv"; sourceTree = "<group>"; };
		F218FFA11B4F00C9000CB182 /* 1-funk.csv */ = {isa = PBXFileReference; fileEncoding = 4; lastKnownFileType = text; name = "1-funk.csv"; path = "funk/1-funk.csv"; sourceTree = "<group>"; };
		F218FFA21B4F00C9000CB182 /* 2-funk.csv */ = {isa = PBXFileReference; fileEncoding = 4; lastKnownFileType = text; name = "2-funk.csv"; path = "funk/2-funk.csv"; sourceTree = "<group>"; };
		F218FFA31B4F00C9000CB182 /* 3-funk.csv */ = {isa = PBXFileReference; fileEncoding = 4; lastKnownFileType = text; name = "3-funk.csv"; path = "funk/3-funk.csv"; sourceTree = "<group>"; };
/* End PBXFileReference section */

/* Begin PBXGroup section */
		F218FF8F1B4F0082000CB182 = {
			isa = PBXGroup;
			children = (
				F218FF981B4F0082000CB182 /* funk */,
				F218FF971B4F0082000CB182 /* Products */,
			);
			sourceTree = "<group>";
		};
		F218FF971B4F0082000CB182 /* Products */ = {
			isa = PBXGroup;
			children = (
				F218FF961B4F0082000CB182 /* funk */,
			);
			name = Products;
			sourceTree = "<group>";
		};
		F218FF981B4F0082000CB182 /* funk */ = {
			isa = PBXGroup;
			children = (
				F218FFA01B4F00C9000CB182 /* 0-funk.csv */,
				F218FFA11B4F00C9000CB182 /* 1-funk.csv */,
				F218FFA21B4F00C9000CB182 /* 2-funk.csv */,
				F218FFA31B4F00C9000CB182 /* 3-funk.csv */,
				F218FF991B4F0082000CB182 /* Supporting Files */,
			);
			path = funk;
			sourceTree = "<group>";
		};
		F218FF991B4F0082000CB182 /* Supporting Files */ = {
			isa = PBXGroup;
			children = (
				F218FF9A1B4F0082000CB182 /* ContentInfo.plist */,
			);
			name = "Supporting Files";
			sourceTree = "<group>";
		};
/* End PBXGroup section */

/* Begin PBXNativeTarget section */
		F218FF951B4F0082000CB182 /* funk */ = {
			isa = PBXNativeTarget;
			buildConfigurationList = F218FF9D1B4F0082000CB182 /* Build configuration list for PBXNativeTarget "funk" */;
			buildPhases = (
				F218FF941B4F0082000CB182 /* Resources */,
			);
			buildRules = (
			);
			dependencies = (
			);
			name = funk;
			productName = funk;
			productReference = F218FF961B4F0082000CB182 /* funk */;
			productType = "com.apple.product-type.in-app-purchase-content";
		};
/* End PBXNativeTarget section */

/* Begin PBXProject section */
		F218FF901B4F0082000CB182 /* Project object */ = {
			isa = PBXProject;
			attributes = {
				LastUpgradeCheck = 0640;
				ORGANIZATIONNAME = "birdSound LLC";
				TargetAttributes = {
					F218FF951B4F0082000CB182 = {
						CreatedOnToolsVersion = 6.4;
					};
				};
			};
			buildConfigurationList = F218FF931B4F0082000CB182 /* Build configuration list for PBXProject "funk" */;
			compatibilityVersion = "Xcode 3.2";
			developmentRegion = English;
			hasScannedForEncodings = 0;
			knownRegions = (
				en,
			);
			mainGroup = F218FF8F1B4F0082000CB182;
			productRefGroup = F218FF971B4F0082000CB182 /* Products */;
			projectDirPath = "";
			projectRoot = "";
			targets = (
				F218FF951B4F0082000CB182 /* funk */,
			);
		};
/* End PBXProject section */

/* Begin PBXResourcesBuildPhase section */
		F218FF941B4F0082000CB182 /* Resources */ = {
			isa = PBXResourcesBuildPhase;
			buildActionMask = 2147483647;
			files = (
				F218FFA71B4F00C9000CB182 /* 3-funk.csv in Resources */,
				F218FFA51B4F00C9000CB182 /* 1-funk.csv in Resources */,
				F218FFA61B4F00C9000CB182 /* 2-funk.csv in Resources */,
				F218FFA41B4F00C9000CB182 /* 0-funk.csv in Resources */,
			);
			runOnlyForDeploymentPostprocessing = 0;
		};
/* End PBXResourcesBuildPhase section */

/* Begin XCBuildConfiguration section */
		F218FF9B1B4F0082000CB182 /* Debug */ = {
			isa = XCBuildConfiguration;
			buildSettings = {
				ALWAYS_SEARCH_USER_PATHS = NO;
				CLANG_CXX_LANGUAGE_STANDARD = "gnu++0x";
				CLANG_CXX_LIBRARY = "libc++";
				CLANG_ENABLE_MODULES = YES;
				CLANG_ENABLE_OBJC_ARC = YES;
				CLANG_WARN_BOOL_CONVERSION = YES;
				CLANG_WARN_CONSTANT_CONVERSION = YES;
				CLANG_WARN_DIRECT_OBJC_ISA_USAGE = YES_ERROR;
				CLANG_WARN_EMPTY_BODY = YES;
				CLANG_WARN_ENUM_CONVERSION = YES;
				CLANG_WARN_INT_CONVERSION = YES;
				CLANG_WARN_OBJC_ROOT_CLASS = YES_ERROR;
				CLANG_WARN_UNREACHABLE_CODE = YES;
				CLANG_WARN__DUPLICATE_METHOD_MATCH = YES;
				COPY_PHASE_STRIP = NO;
				ENABLE_STRICT_OBJC_MSGSEND = YES;
				GCC_C_LANGUAGE_STANDARD = gnu99;
				GCC_DYNAMIC_NO_PIC = NO;
				GCC_NO_COMMON_BLOCKS = YES;
				GCC_OPTIMIZATION_LEVEL = 0;
				GCC_PREPROCESSOR_DEFINITIONS = (
					"DEBUG=1",
					"$(inherited)",
				);
				GCC_SYMBOLS_PRIVATE_EXTERN = NO;
				GCC_WARN_64_TO_32_BIT_CONVERSION = YES;
				GCC_WARN_ABOUT_RETURN_TYPE = YES_ERROR;
				GCC_WARN_UNDECLARED_SELECTOR = YES;
				GCC_WARN_UNINITIALIZED_AUTOS = YES_AGGRESSIVE;
				GCC_WARN_UNUSED_FUNCTION = YES;
				GCC_WARN_UNUSED_VARIABLE = YES;
				MTL_ENABLE_DEBUG_INFO = YES;
				ONLY_ACTIVE_ARCH = YES;
			};
			name = Debug;
		};
		F218FF9C1B4F0082000CB182 /* Release */ = {
			isa = XCBuildConfiguration;
			buildSettings = {
				ALWAYS_SEARCH_USER_PATHS = NO;
				CLANG_CXX_LANGUAGE_STANDARD = "gnu++0x";
				CLANG_CXX_LIBRARY = "libc++";
				CLANG_ENABLE_MODULES = YES;
				CLANG_ENABLE_OBJC_ARC = YES;
				CLANG_WARN_BOOL_CONVERSION = YES;
				CLANG_WARN_CONSTANT_CONVERSION = YES;
				CLANG_WARN_DIRECT_OBJC_ISA_USAGE = YES_ERROR;
				CLANG_WARN_EMPTY_BODY = YES;
				CLANG_WARN_ENUM_CONVERSION = YES;
				CLANG_WARN_INT_CONVERSION = YES;
				CLANG_WARN_OBJC_ROOT_CLASS = YES_ERROR;
				CLANG_WARN_UNREACHABLE_CODE = YES;
				CLANG_WARN__DUPLICATE_METHOD_MATCH = YES;
				COPY_PHASE_STRIP = NO;
				ENABLE_NS_ASSERTIONS = NO;
				ENABLE_STRICT_OBJC_MSGSEND = YES;
				GCC_C_LANGUAGE_STANDARD = gnu99;
				GCC_NO_COMMON_BLOCKS = YES;
				GCC_WARN_64_TO_32_BIT_CONVERSION = YES;
				GCC_WARN_ABOUT_RETURN_TYPE = YES_ERROR;
				GCC_WARN_UNDECLARED_SELECTOR = YES;
				GCC_WARN_UNINITIALIZED_AUTOS = YES_AGGRESSIVE;
				GCC_WARN_UNUSED_FUNCTION = YES;
				GCC_WARN_UNUSED_VARIABLE = YES;
				MTL_ENABLE_DEBUG_INFO = NO;
			};
			name = Release;
		};
		F218FF9E1B4F0082000CB182 /* Debug */ = {
			isa = XCBuildConfiguration;
			buildSettings = {
				INFOPLIST_FILE = funk/ContentInfo.plist;
				INSTALL_PATH = "$(LOCAL_LIBRARY_DIR)/InAppPurchaseContent";
				PRODUCT_NAME = "$(TARGET_NAME)";
				WRAPPER_EXTENSION = "";
			};
			name = Debug;
		};
		F218FF9F1B4F0082000CB182 /* Release */ = {
			isa = XCBuildConfiguration;
			buildSettings = {
				INFOPLIST_FILE = funk/ContentInfo.plist;
				INSTALL_PATH = "$(LOCAL_LIBRARY_DIR)/InAppPurchaseContent";
				PRODUCT_NAME = "$(TARGET_NAME)";
				WRAPPER_EXTENSION = "";
			};
			name = Release;
		};
/* End XCBuildConfiguration section */

/* Begin XCConfigurationList section */
		F218FF931B4F0082000CB182 /* Build configuration list for PBXProject "funk" */ = {
			isa = XCConfigurationList;
			buildConfigurations = (
				F218FF9B1B4F0082000CB182 /* Debug */,
				F218FF9C1B4F0082000CB182 /* Release */,
			);
			defaultConfigurationIsVisible = 0;
			defaultConfigurationName = Release;
		};
		F218FF9D1B4F0082000CB182 /* Build configuration list for PBXNativeTarget "funk" */ = {
			isa = XCConfigurationList;
			buildConfigurations = (
				F218FF9E1B4F0082000CB182 /* Debug */,
				F218FF9F1B4F0082000CB182 /* Release */,
			);
			defaultConfigurationIsVisible = 0;
		};
/* End XCConfigurationList section */
	};
	rootObject = F218FF901B4F0082000CB182 /* Project object */;
}
