// !$*UTF8*$!
{
	archiveVersion = 1;
	classes = {
	};
	objectVersion = 46;
	objects = {

/* Begin PBXBuildFile section */
		F2D4DDAB1B65ED00004C53F7 /* DrumSamples in Resources */ = {isa = PBXBuildFile; fileRef = F2D4DDA71B65ED00004C53F7 /* DrumSamples */; };
		F2D4DDAC1B65ED00004C53F7 /* OtherSamples in Resources */ = {isa = PBXBuildFile; fileRef = F2D4DDA81B65ED00004C53F7 /* OtherSamples */; };
/* End PBXBuildFile section */

/* Begin PBXFileReference section */
		F2D4D8761B65E6AA004C53F7 /* gushies */ = {isa = PBXFileReference; explicitFileType = folder; includeInIndex = 0; path = gushies; sourceTree = BUILT_PRODUCTS_DIR; };
		F2D4D87A1B65E6AA004C53F7 /* ContentInfo.plist */ = {isa = PBXFileReference; lastKnownFileType = text.plist.xml; path = ContentInfo.plist; sourceTree = "<group>"; };
		F2D4DDA71B65ED00004C53F7 /* DrumSamples */ = {isa = PBXFileReference; lastKnownFileType = folder; path = DrumSamples; sourceTree = "<group>"; };
		F2D4DDA81B65ED00004C53F7 /* OtherSamples */ = {isa = PBXFileReference; lastKnownFileType = folder; path = OtherSamples; sourceTree = "<group>"; };
/* End PBXFileReference section */

/* Begin PBXGroup section */
		F2D4D86F1B65E6AA004C53F7 = {
			isa = PBXGroup;
			children = (
				F2D4D8781B65E6AA004C53F7 /* gushies */,
				F2D4D8771B65E6AA004C53F7 /* Products */,
			);
			sourceTree = "<group>";
		};
		F2D4D8771B65E6AA004C53F7 /* Products */ = {
			isa = PBXGroup;
			children = (
				F2D4D8761B65E6AA004C53F7 /* gushies */,
			);
			name = Products;
			sourceTree = "<group>";
		};
		F2D4D8781B65E6AA004C53F7 /* gushies */ = {
			isa = PBXGroup;
			children = (
				F2D4DDA71B65ED00004C53F7 /* DrumSamples */,
				F2D4DDA81B65ED00004C53F7 /* OtherSamples */,
				F2D4D8791B65E6AA004C53F7 /* Supporting Files */,
			);
			path = gushies;
			sourceTree = "<group>";
		};
		F2D4D8791B65E6AA004C53F7 /* Supporting Files */ = {
			isa = PBXGroup;
			children = (
				F2D4D87A1B65E6AA004C53F7 /* ContentInfo.plist */,
			);
			name = "Supporting Files";
			sourceTree = "<group>";
		};
/* End PBXGroup section */

/* Begin PBXNativeTarget section */
		F2D4D8751B65E6AA004C53F7 /* gushies */ = {
			isa = PBXNativeTarget;
			buildConfigurationList = F2D4D87D1B65E6AA004C53F7 /* Build configuration list for PBXNativeTarget "gushies" */;
			buildPhases = (
				F2D4D8741B65E6AA004C53F7 /* Resources */,
			);
			buildRules = (
			);
			dependencies = (
			);
			name = gushies;
			productName = gushies;
			productReference = F2D4D8761B65E6AA004C53F7 /* gushies */;
			productType = "com.apple.product-type.in-app-purchase-content";
		};
/* End PBXNativeTarget section */

/* Begin PBXProject section */
		F2D4D8701B65E6AA004C53F7 /* Project object */ = {
			isa = PBXProject;
			attributes = {
				LastUpgradeCheck = 0640;
				ORGANIZATIONNAME = "birdSound LLC";
				TargetAttributes = {
					F2D4D8751B65E6AA004C53F7 = {
						CreatedOnToolsVersion = 6.4;
					};
				};
			};
			buildConfigurationList = F2D4D8731B65E6AA004C53F7 /* Build configuration list for PBXProject "gushies" */;
			compatibilityVersion = "Xcode 3.2";
			developmentRegion = English;
			hasScannedForEncodings = 0;
			knownRegions = (
				en,
			);
			mainGroup = F2D4D86F1B65E6AA004C53F7;
			productRefGroup = F2D4D8771B65E6AA004C53F7 /* Products */;
			projectDirPath = "";
			projectRoot = "";
			targets = (
				F2D4D8751B65E6AA004C53F7 /* gushies */,
			);
		};
/* End PBXProject section */

/* Begin PBXResourcesBuildPhase section */
		F2D4D8741B65E6AA004C53F7 /* Resources */ = {
			isa = PBXResourcesBuildPhase;
			buildActionMask = 2147483647;
			files = (
				F2D4DDAC1B65ED00004C53F7 /* OtherSamples in Resources */,
				F2D4DDAB1B65ED00004C53F7 /* DrumSamples in Resources */,
			);
			runOnlyForDeploymentPostprocessing = 0;
		};
/* End PBXResourcesBuildPhase section */

/* Begin XCBuildConfiguration section */
		F2D4D87B1B65E6AA004C53F7 /* Debug */ = {
			isa = XCBuildConfiguration;
			buildSettings = {
				ALWAYS_SEARCH_USER_PATHS = NO;
				CLANG_CXX_LANGUAGE_STANDARD = "gnu++0x";
				CLANG_CXX_LIBRARY = "libc++";
				CLANG_ENABLE_MODULES = YES;
				CLANG_ENABLE_OBJC_ARC = YES;
				CLANG_WARN_BOOL_CONVERSION = YES;
				CLANG_WARN_CONSTANT_CONVERSION = YES;
				CLANG_WARN_DIRECT_OBJC_ISA_USAGE = YES_ERROR;
				CLANG_WARN_EMPTY_BODY = YES;
				CLANG_WARN_ENUM_CONVERSION = YES;
				CLANG_WARN_INT_CONVERSION = YES;
				CLANG_WARN_OBJC_ROOT_CLASS = YES_ERROR;
				CLANG_WARN_UNREACHABLE_CODE = YES;
				CLANG_WARN__DUPLICATE_METHOD_MATCH = YES;
				COPY_PHASE_STRIP = NO;
				ENABLE_STRICT_OBJC_MSGSEND = YES;
				GCC_C_LANGUAGE_STANDARD = gnu99;
				GCC_DYNAMIC_NO_PIC = NO;
				GCC_NO_COMMON_BLOCKS = YES;
				GCC_OPTIMIZATION_LEVEL = 0;
				GCC_PREPROCESSOR_DEFINITIONS = (
					"DEBUG=1",
					"$(inherited)",
				);
				GCC_SYMBOLS_PRIVATE_EXTERN = NO;
				GCC_WARN_64_TO_32_BIT_CONVERSION = YES;
				GCC_WARN_ABOUT_RETURN_TYPE = YES_ERROR;
				GCC_WARN_UNDECLARED_SELECTOR = YES;
				GCC_WARN_UNINITIALIZED_AUTOS = YES_AGGRESSIVE;
				GCC_WARN_UNUSED_FUNCTION = YES;
				GCC_WARN_UNUSED_VARIABLE = YES;
				MTL_ENABLE_DEBUG_INFO = YES;
				ONLY_ACTIVE_ARCH = YES;
			};
			name = Debug;
		};
		F2D4D87C1B65E6AA004C53F7 /* Release */ = {
			isa = XCBuildConfiguration;
			buildSettings = {
				ALWAYS_SEARCH_USER_PATHS = NO;
				CLANG_CXX_LANGUAGE_STANDARD = "gnu++0x";
				CLANG_CXX_LIBRARY = "libc++";
				CLANG_ENABLE_MODULES = YES;
				CLANG_ENABLE_OBJC_ARC = YES;
				CLANG_WARN_BOOL_CONVERSION = YES;
				CLANG_WARN_CONSTANT_CONVERSION = YES;
				CLANG_WARN_DIRECT_OBJC_ISA_USAGE = YES_ERROR;
				CLANG_WARN_EMPTY_BODY = YES;
				CLANG_WARN_ENUM_CONVERSION = YES;
				CLANG_WARN_INT_CONVERSION = YES;
				CLANG_WARN_OBJC_ROOT_CLASS = YES_ERROR;
				CLANG_WARN_UNREACHABLE_CODE = YES;
				CLANG_WARN__DUPLICATE_METHOD_MATCH = YES;
				COPY_PHASE_STRIP = NO;
				ENABLE_NS_ASSERTIONS = NO;
				ENABLE_STRICT_OBJC_MSGSEND = YES;
				GCC_C_LANGUAGE_STANDARD = gnu99;
				GCC_NO_COMMON_BLOCKS = YES;
				GCC_WARN_64_TO_32_BIT_CONVERSION = YES;
				GCC_WARN_ABOUT_RETURN_TYPE = YES_ERROR;
				GCC_WARN_UNDECLARED_SELECTOR = YES;
				GCC_WARN_UNINITIALIZED_AUTOS = YES_AGGRESSIVE;
				GCC_WARN_UNUSED_FUNCTION = YES;
				GCC_WARN_UNUSED_VARIABLE = YES;
				MTL_ENABLE_DEBUG_INFO = NO;
			};
			name = Release;
		};
		F2D4D87E1B65E6AA004C53F7 /* Debug */ = {
			isa = XCBuildConfiguration;
			buildSettings = {
				INFOPLIST_FILE = gushies/ContentInfo.plist;
				INSTALL_PATH = "$(LOCAL_LIBRARY_DIR)/InAppPurchaseContent";
				ONLY_ACTIVE_ARCH = NO;
				PRODUCT_NAME = "$(TARGET_NAME)";
				WRAPPER_EXTENSION = "";
			};
			name = Debug;
		};
		F2D4D87F1B65E6AA004C53F7 /* Release */ = {
			isa = XCBuildConfiguration;
			buildSettings = {
				INFOPLIST_FILE = gushies/ContentInfo.plist;
				INSTALL_PATH = "$(LOCAL_LIBRARY_DIR)/InAppPurchaseContent";
				PRODUCT_NAME = "$(TARGET_NAME)";
				WRAPPER_EXTENSION = "";
			};
			name = Release;
		};
/* End XCBuildConfiguration section */

/* Begin XCConfigurationList section */
		F2D4D8731B65E6AA004C53F7 /* Build configuration list for PBXProject "gushies" */ = {
			isa = XCConfigurationList;
			buildConfigurations = (
				F2D4D87B1B65E6AA004C53F7 /* Debug */,
				F2D4D87C1B65E6AA004C53F7 /* Release */,
			);
			defaultConfigurationIsVisible = 0;
			defaultConfigurationName = Release;
		};
		F2D4D87D1B65E6AA004C53F7 /* Build configuration list for PBXNativeTarget "gushies" */ = {
			isa = XCConfigurationList;
			buildConfigurations = (
				F2D4D87E1B65E6AA004C53F7 /* Debug */,
				F2D4D87F1B65E6AA004C53F7 /* Release */,
			);
			defaultConfigurationIsVisible = 0;
			defaultConfigurationName = Release;
		};
/* End XCConfigurationList section */
	};
	rootObject = F2D4D8701B65E6AA004C53F7 /* Project object */;
}
