// !$*UTF8*$!
{
	archiveVersion = 1;
	classes = {
	};
	objectVersion = 46;
	objects = {

/* Begin PBXBuildFile section */
		F218FFDA1B5070E4000CB182 /* 0-majestic.csv in Resources */ = {isa = PBXBuildFile; fileRef = F218FFD61B5070E4000CB182 /* 0-majestic.csv */; };
		F218FFDB1B5070E4000CB182 /* 1-majestic.csv in Resources */ = {isa = PBXBuildFile; fileRef = F218FFD71B5070E4000CB182 /* 1-majestic.csv */; };
		F218FFDC1B5070E4000CB182 /* 2-majestic.csv in Resources */ = {isa = PBXBuildFile; fileRef = F218FFD81B5070E4000CB182 /* 2-majestic.csv */; };
		F218FFDD1B5070E4000CB182 /* 3-majestic.csv in Resources */ = {isa = PBXBuildFile; fileRef = F218FFD91B5070E4000CB182 /* 3-majestic.csv */; };
/* End PBXBuildFile section */

/* Begin PBXFileReference section */
		F218FFCC1B506E4E000CB182 /* majestic */ = {isa = PBXFileReference; explicitFileType = folder; includeInIndex = 0; path = majestic; sourceTree = BUILT_PRODUCTS_DIR; };
		F218FFD01B506E4E000CB182 /* ContentInfo.plist */ = {isa = PBXFileReference; lastKnownFileType = text.plist.xml; path = ContentInfo.plist; sourceTree = "<group>"; };
		F218FFD61B5070E4000CB182 /* 0-majestic.csv */ = {isa = PBXFileReference; fileEncoding = 4; lastKnownFileType = text; name = "0-majestic.csv"; path = "majestic/0-majestic.csv"; sourceTree = "<group>"; };
		F218FFD71B5070E4000CB182 /* 1-majestic.csv */ = {isa = PBXFileReference; fileEncoding = 4; lastKnownFileType = text; name = "1-majestic.csv"; path = "majestic/1-majestic.csv"; sourceTree = "<group>"; };
		F218FFD81B5070E4000CB182 /* 2-majestic.csv */ = {isa = PBXFileReference; fileEncoding = 4; lastKnownFileType = text; name = "2-majestic.csv"; path = "majestic/2-majestic.csv"; sourceTree = "<group>"; };
		F218FFD91B5070E4000CB182 /* 3-majestic.csv */ = {isa = PBXFileReference; fileEncoding = 4; lastKnownFileType = text; name = "3-majestic.csv"; path = "majestic/3-majestic.csv"; sourceTree = "<group>"; };
/* End PBXFileReference section */

/* Begin PBXGroup section */
		F218FFC51B506E4E000CB182 = {
			isa = PBXGroup;
			children = (
				F218FFCE1B506E4E000CB182 /* majestic */,
				F218FFCD1B506E4E000CB182 /* Products */,
			);
			sourceTree = "<group>";
		};
		F218FFCD1B506E4E000CB182 /* Products */ = {
			isa = PBXGroup;
			children = (
				F218FFCC1B506E4E000CB182 /* majestic */,
			);
			name = Products;
			sourceTree = "<group>";
		};
		F218FFCE1B506E4E000CB182 /* majestic */ = {
			isa = PBXGroup;
			children = (
				F218FFD61B5070E4000CB182 /* 0-majestic.csv */,
				F218FFD71B5070E4000CB182 /* 1-majestic.csv */,
				F218FFD81B5070E4000CB182 /* 2-majestic.csv */,
				F218FFD91B5070E4000CB182 /* 3-majestic.csv */,
				F218FFCF1B506E4E000CB182 /* Supporting Files */,
			);
			path = majestic;
			sourceTree = "<group>";
		};
		F218FFCF1B506E4E000CB182 /* Supporting Files */ = {
			isa = PBXGroup;
			children = (
				F218FFD01B506E4E000CB182 /* ContentInfo.plist */,
			);
			name = "Supporting Files";
			sourceTree = "<group>";
		};
/* End PBXGroup section */

/* Begin PBXNativeTarget section */
		F218FFCB1B506E4E000CB182 /* majestic */ = {
			isa = PBXNativeTarget;
			buildConfigurationList = F218FFD31B506E4E000CB182 /* Build configuration list for PBXNativeTarget "majestic" */;
			buildPhases = (
				F218FFCA1B506E4E000CB182 /* Resources */,
			);
			buildRules = (
			);
			dependencies = (
			);
			name = majestic;
			productName = majestic;
			productReference = F218FFCC1B506E4E000CB182 /* majestic */;
			productType = "com.apple.product-type.in-app-purchase-content";
		};
/* End PBXNativeTarget section */

/* Begin PBXProject section */
		F218FFC61B506E4E000CB182 /* Project object */ = {
			isa = PBXProject;
			attributes = {
				LastUpgradeCheck = 0640;
				ORGANIZATIONNAME = "birdSound LLC";
				TargetAttributes = {
					F218FFCB1B506E4E000CB182 = {
						CreatedOnToolsVersion = 6.4;
					};
				};
			};
			buildConfigurationList = F218FFC91B506E4E000CB182 /* Build configuration list for PBXProject "majestic" */;
			compatibilityVersion = "Xcode 3.2";
			developmentRegion = English;
			hasScannedForEncodings = 0;
			knownRegions = (
				en,
			);
			mainGroup = F218FFC51B506E4E000CB182;
			productRefGroup = F218FFCD1B506E4E000CB182 /* Products */;
			projectDirPath = "";
			projectRoot = "";
			targets = (
				F218FFCB1B506E4E000CB182 /* majestic */,
			);
		};
/* End PBXProject section */

/* Begin PBXResourcesBuildPhase section */
		F218FFCA1B506E4E000CB182 /* Resources */ = {
			isa = PBXResourcesBuildPhase;
			buildActionMask = 2147483647;
			files = (
				F218FFDD1B5070E4000CB182 /* 3-majestic.csv in Resources */,
				F218FFDB1B5070E4000CB182 /* 1-majestic.csv in Resources */,
				F218FFDA1B5070E4000CB182 /* 0-majestic.csv in Resources */,
				F218FFDC1B5070E4000CB182 /* 2-majestic.csv in Resources */,
			);
			runOnlyForDeploymentPostprocessing = 0;
		};
/* End PBXResourcesBuildPhase section */

/* Begin XCBuildConfiguration section */
		F218FFD11B506E4E000CB182 /* Debug */ = {
			isa = XCBuildConfiguration;
			buildSettings = {
				ALWAYS_SEARCH_USER_PATHS = NO;
				CLANG_CXX_LANGUAGE_STANDARD = "gnu++0x";
				CLANG_CXX_LIBRARY = "libc++";
				CLANG_ENABLE_MODULES = YES;
				CLANG_ENABLE_OBJC_ARC = YES;
				CLANG_WARN_BOOL_CONVERSION = YES;
				CLANG_WARN_CONSTANT_CONVERSION = YES;
				CLANG_WARN_DIRECT_OBJC_ISA_USAGE = YES_ERROR;
				CLANG_WARN_EMPTY_BODY = YES;
				CLANG_WARN_ENUM_CONVERSION = YES;
				CLANG_WARN_INT_CONVERSION = YES;
				CLANG_WARN_OBJC_ROOT_CLASS = YES_ERROR;
				CLANG_WARN_UNREACHABLE_CODE = YES;
				CLANG_WARN__DUPLICATE_METHOD_MATCH = YES;
				COPY_PHASE_STRIP = NO;
				ENABLE_STRICT_OBJC_MSGSEND = YES;
				GCC_C_LANGUAGE_STANDARD = gnu99;
				GCC_DYNAMIC_NO_PIC = NO;
				GCC_NO_COMMON_BLOCKS = YES;
				GCC_OPTIMIZATION_LEVEL = 0;
				GCC_PREPROCESSOR_DEFINITIONS = (
					"DEBUG=1",
					"$(inherited)",
				);
				GCC_SYMBOLS_PRIVATE_EXTERN = NO;
				GCC_WARN_64_TO_32_BIT_CONVERSION = YES;
				GCC_WARN_ABOUT_RETURN_TYPE = YES_ERROR;
				GCC_WARN_UNDECLARED_SELECTOR = YES;
				GCC_WARN_UNINITIALIZED_AUTOS = YES_AGGRESSIVE;
				GCC_WARN_UNUSED_FUNCTION = YES;
				GCC_WARN_UNUSED_VARIABLE = YES;
				MTL_ENABLE_DEBUG_INFO = YES;
				ONLY_ACTIVE_ARCH = YES;
			};
			name = Debug;
		};
		F218FFD21B506E4E000CB182 /* Release */ = {
			isa = XCBuildConfiguration;
			buildSettings = {
				ALWAYS_SEARCH_USER_PATHS = NO;
				CLANG_CXX_LANGUAGE_STANDARD = "gnu++0x";
				CLANG_CXX_LIBRARY = "libc++";
				CLANG_ENABLE_MODULES = YES;
				CLANG_ENABLE_OBJC_ARC = YES;
				CLANG_WARN_BOOL_CONVERSION = YES;
				CLANG_WARN_CONSTANT_CONVERSION = YES;
				CLANG_WARN_DIRECT_OBJC_ISA_USAGE = YES_ERROR;
				CLANG_WARN_EMPTY_BODY = YES;
				CLANG_WARN_ENUM_CONVERSION = YES;
				CLANG_WARN_INT_CONVERSION = YES;
				CLANG_WARN_OBJC_ROOT_CLASS = YES_ERROR;
				CLANG_WARN_UNREACHABLE_CODE = YES;
				CLANG_WARN__DUPLICATE_METHOD_MATCH = YES;
				COPY_PHASE_STRIP = NO;
				ENABLE_NS_ASSERTIONS = NO;
				ENABLE_STRICT_OBJC_MSGSEND = YES;
				GCC_C_LANGUAGE_STANDARD = gnu99;
				GCC_NO_COMMON_BLOCKS = YES;
				GCC_WARN_64_TO_32_BIT_CONVERSION = YES;
				GCC_WARN_ABOUT_RETURN_TYPE = YES_ERROR;
				GCC_WARN_UNDECLARED_SELECTOR = YES;
				GCC_WARN_UNINITIALIZED_AUTOS = YES_AGGRESSIVE;
				GCC_WARN_UNUSED_FUNCTION = YES;
				GCC_WARN_UNUSED_VARIABLE = YES;
				MTL_ENABLE_DEBUG_INFO = NO;
			};
			name = Release;
		};
		F218FFD41B506E4E000CB182 /* Debug */ = {
			isa = XCBuildConfiguration;
			buildSettings = {
				INFOPLIST_FILE = majestic/ContentInfo.plist;
				INSTALL_PATH = "$(LOCAL_LIBRARY_DIR)/InAppPurchaseContent";
				PRODUCT_NAME = "$(TARGET_NAME)";
				WRAPPER_EXTENSION = "";
			};
			name = Debug;
		};
		F218FFD51B506E4E000CB182 /* Release */ = {
			isa = XCBuildConfiguration;
			buildSettings = {
				INFOPLIST_FILE = majestic/ContentInfo.plist;
				INSTALL_PATH = "$(LOCAL_LIBRARY_DIR)/InAppPurchaseContent";
				PRODUCT_NAME = "$(TARGET_NAME)";
				WRAPPER_EXTENSION = "";
			};
			name = Release;
		};
/* End XCBuildConfiguration section */

/* Begin XCConfigurationList section */
		F218FFC91B506E4E000CB182 /* Build configuration list for PBXProject "majestic" */ = {
			isa = XCConfigurationList;
			buildConfigurations = (
				F218FFD11B506E4E000CB182 /* Debug */,
				F218FFD21B506E4E000CB182 /* Release */,
			);
			defaultConfigurationIsVisible = 0;
			defaultConfigurationName = Release;
		};
		F218FFD31B506E4E000CB182 /* Build configuration list for PBXNativeTarget "majestic" */ = {
			isa = XCConfigurationList;
			buildConfigurations = (
				F218FFD41B506E4E000CB182 /* Debug */,
				F218FFD51B506E4E000CB182 /* Release */,
			);
			defaultConfigurationIsVisible = 0;
		};
/* End XCConfigurationList section */
	};
	rootObject = F218FFC61B506E4E000CB182 /* Project object */;
}
